
Microsoft Visual Studio Solution File, Format Version 12.00
# Visual Studio Version 16
VisualStudioVersion = 16.0.31729.503
MinimumVisualStudioVersion = 10.0.40219.1
Project("{FAE04EC0-301F-11D3-BF4B-00C04F79EFBC}") = "EvolutionExample", "EvolutionExample\EvolutionExample.csproj", "{3762DA26-3E63-4660-9538-6AC14DA57A7A}"
EndProject
Global
	GlobalSection(SolutionConfigurationPlatforms) = preSolution
		Debug|Any CPU = Debug|Any CPU
		Release|Any CPU = Release|Any CPU
	EndGlobalSection
	GlobalSection(ProjectConfigurationPlatforms) = postSolution
		{3762DA26-3E63-4660-9538-6AC14DA57A7A}.Debug|Any CPU.ActiveCfg = Debug|Any CPU
		{3762DA26-3E63-4660-9538-6AC14DA57A7A}.Debug|Any CPU.Build.0 = Debug|Any CPU
		{3762DA26-3E63-4660-9538-6AC14DA57A7A}.Release|Any CPU.ActiveCfg = Release|Any CPU
		{3762DA26-3E63-4660-9538-6AC14DA57A7A}.Release|Any CPU.Build.0 = Release|Any CPU
	EndGlobalSection
	GlobalSection(SolutionProperties) = preSolution
		HideSolutionNode = FALSE
	EndGlobalSection
	GlobalSection(ExtensibilityGlobals) = postSolution
		SolutionGuid = {8249626B-FCFE-41A4-A7C1-52831F07EDD6}
	EndGlobalSection
EndGlobal
